// !$*UTF8*$!
{
	archiveVersion = 1;
	classes = {
	};
	objectVersion = 46;
	objects = {

/* Begin PBXBuildFile section */
		E2843DB41C3D63BE000175D3 /* main.m in Sources */ = {isa = PBXBuildFile; fileRef = E2843DB31C3D63BE000175D3 /* main.m */; };
		E2843DB71C3D63BE000175D3 /* AppDelegate.m in Sources */ = {isa = PBXBuildFile; fileRef = E2843DB61C3D63BE000175D3 /* AppDelegate.m */; };
		E2843DBF1C3D63BE000175D3 /* Images.xcassets in Resources */ = {isa = PBXBuildFile; fileRef = E2843DBE1C3D63BE000175D3 /* Images.xcassets */; };
		E2843DC21C3D63BE000175D3 /* LaunchScreen.xib in Resources */ = {isa = PBXBuildFile; fileRef = E2843DC01C3D63BE000175D3 /* LaunchScreen.xib */; };
		E2843DCE1C3D63BE000175D3 /* _4_TransformTests.m in Sources */ = {isa = PBXBuildFile; fileRef = E2843DCD1C3D63BE000175D3 /* _4_TransformTests.m */; };
/* End PBXBuildFile section */

/* Begin PBXContainerItemProxy section */
		E2843DC81C3D63BE000175D3 /* PBXContainerItemProxy */ = {
			isa = PBXContainerItemProxy;
			containerPortal = E2843DA61C3D63BE000175D3 /* Project object */;
			proxyType = 1;
			remoteGlobalIDString = E2843DAD1C3D63BE000175D3;
			remoteInfo = "04 Transform";
		};
/* End PBXContainerItemProxy section */

/* Begin PBXFileReference section */
		E2843DAE1C3D63BE000175D3 /* 04 Transform.app */ = {isa = PBXFileReference; explicitFileType = wrapper.application; includeInIndex = 0; path = "04 Transform.app"; sourceTree = BUILT_PRODUCTS_DIR; };
		E2843DB21C3D63BE000175D3 /* Info.plist */ = {isa = PBXFileReference; lastKnownFileType = text.plist.xml; path = Info.plist; sourceTree = "<group>"; };
		E2843DB31C3D63BE000175D3 /* main.m */ = {isa = PBXFileReference; lastKnownFileType = sourcecode.c.objc; path = main.m; sourceTree = "<group>"; };
		E2843DB51C3D63BE000175D3 /* AppDelegate.h */ = {isa = PBXFileReference; lastKnownFileType = sourcecode.c.h; path = AppDelegate.h; sourceTree = "<group>"; };
		E2843DB61C3D63BE000175D3 /* AppDelegate.m */ = {isa = PBXFileReference; lastKnownFileType = sourcecode.c.objc; path = AppDelegate.m; sourceTree = "<group>"; };
		E2843DBE1C3D63BE000175D3 /* Images.xcassets */ = {isa = PBXFileReference; lastKnownFileType = folder.assetcatalog; path = Images.xcassets; sourceTree = "<group>"; };
		E2843DC11C3D63BE000175D3 /* Base */ = {isa = PBXFileReference; lastKnownFileType = file.xib; name = Base; path = Base.lproj/LaunchScreen.xib; sourceTree = "<group>"; };
		E2843DC71C3D63BE000175D3 /* 04 TransformTests.xctest */ = {isa = PBXFileReference; explicitFileType = wrapper.cfbundle; includeInIndex = 0; path = "04 TransformTests.xctest"; sourceTree = BUILT_PRODUCTS_DIR; };
		E2843DCC1C3D63BE000175D3 /* Info.plist */ = {isa = PBXFileReference; lastKnownFileType = text.plist.xml; path = Info.plist; sourceTree = "<group>"; };
		E2843DCD1C3D63BE000175D3 /* _4_TransformTests.m */ = {isa = PBXFileReference; lastKnownFileType = sourcecode.c.objc; path = _4_TransformTests.m; sourceTree = "<group>"; };
/* End PBXFileReference section */

/* Begin PBXFrameworksBuildPhase section */
		E2843DAB1C3D63BE000175D3 /* Frameworks */ = {
			isa = PBXFrameworksBuildPhase;
			buildActionMask = 2147483647;
			files = (
			);
			runOnlyForDeploymentPostprocessing = 0;
		};
		E2843DC41C3D63BE000175D3 /* Frameworks */ = {
			isa = PBXFrameworksBuildPhase;
			buildActionMask = 2147483647;
			files = (
			);
			runOnlyForDeploymentPostprocessing = 0;
		};
/* End PBXFrameworksBuildPhase section */

/* Begin PBXGroup section */
		E2843DA51C3D63BE000175D3 = {
			isa = PBXGroup;
			children = (
				E2843DB01C3D63BE000175D3 /* 04 Transform */,
				E2843DCA1C3D63BE000175D3 /* 04 TransformTests */,
				E2843DAF1C3D63BE000175D3 /* Products */,
			);
			sourceTree = "<group>";
		};
		E2843DAF1C3D63BE000175D3 /* Products */ = {
			isa = PBXGroup;
			children = (
				E2843DAE1C3D63BE000175D3 /* 04 Transform.app */,
				E2843DC71C3D63BE000175D3 /* 04 TransformTests.xctest */,
			);
			name = Products;
			sourceTree = "<group>";
		};
		E2843DB01C3D63BE000175D3 /* 04 Transform */ = {
			isa = PBXGroup;
			children = (
				E2843DB51C3D63BE000175D3 /* AppDelegate.h */,
				E2843DB61C3D63BE000175D3 /* AppDelegate.m */,
				E2843DBE1C3D63BE000175D3 /* Images.xcassets */,
				E2843DC01C3D63BE000175D3 /* LaunchScreen.xib */,
				E2843DB11C3D63BE000175D3 /* Supporting Files */,
			);
			path = "04 Transform";
			sourceTree = "<group>";
		};
		E2843DB11C3D63BE000175D3 /* Supporting Files */ = {
			isa = PBXGroup;
			children = (
				E2843DB21C3D63BE000175D3 /* Info.plist */,
				E2843DB31C3D63BE000175D3 /* main.m */,
			);
			name = "Supporting Files";
			sourceTree = "<group>";
		};
		E2843DCA1C3D63BE000175D3 /* 04 TransformTests */ = {
			isa = PBXGroup;
			children = (
				E2843DCD1C3D63BE000175D3 /* _4_TransformTests.m */,
				E2843DCB1C3D63BE000175D3 /* Supporting Files */,
			);
			path = "04 TransformTests";
			sourceTree = "<group>";
		};
		E2843DCB1C3D63BE000175D3 /* Supporting Files */ = {
			isa = PBXGroup;
			children = (
				E2843DCC1C3D63BE000175D3 /* Info.plist */,
			);
			name = "Supporting Files";
			sourceTree = "<group>";
		};
/* End PBXGroup section */

/* Begin PBXNativeTarget section */
		E2843DAD1C3D63BE000175D3 /* 04 Transform */ = {
			isa = PBXNativeTarget;
			buildConfigurationList = E2843DD11C3D63BE000175D3 /* Build configuration list for PBXNativeTarget "04 Transform" */;
			buildPhases = (
				E2843DAA1C3D63BE000175D3 /* Sources */,
				E2843DAB1C3D63BE000175D3 /* Frameworks */,
				E2843DAC1C3D63BE000175D3 /* Resources */,
			);
			buildRules = (
			);
			dependencies = (
			);
			name = "04 Transform";
			productName = "04 Transform";
			productReference = E2843DAE1C3D63BE000175D3 /* 04 Transform.app */;
			productType = "com.apple.product-type.application";
		};
		E2843DC61C3D63BE000175D3 /* 04 TransformTests */ = {
			isa = PBXNativeTarget;
			buildConfigurationList = E2843DD41C3D63BE000175D3 /* Build configuration list for PBXNativeTarget "04 TransformTests" */;
			buildPhases = (
				E2843DC31C3D63BE000175D3 /* Sources */,
				E2843DC41C3D63BE000175D3 /* Frameworks */,
				E2843DC51C3D63BE000175D3 /* Resources */,
			);
			buildRules = (
			);
			dependencies = (
				E2843DC91C3D63BE000175D3 /* PBXTargetDependency */,
			);
			name = "04 TransformTests";
			productName = "04 TransformTests";
			productReference = E2843DC71C3D63BE000175D3 /* 04 TransformTests.xctest */;
			productType = "com.apple.product-type.bundle.unit-test";
		};
/* End PBXNativeTarget section */

/* Begin PBXProject section */
		E2843DA61C3D63BE000175D3 /* Project object */ = {
			isa = PBXProject;
			attributes = {
				LastUpgradeCheck = 0640;
				ORGANIZATIONNAME = "贝沃汇力";
				TargetAttributes = {
					E2843DAD1C3D63BE000175D3 = {
						CreatedOnToolsVersion = 6.4;
					};
					E2843DC61C3D63BE000175D3 = {
						CreatedOnToolsVersion = 6.4;
						TestTargetID = E2843DAD1C3D63BE000175D3;
					};
				};
			};
			buildConfigurationList = E2843DA91C3D63BE000175D3 /* Build configuration list for PBXProject "04 Transform" */;
			compatibilityVersion = "Xcode 3.2";
			developmentRegion = English;
			hasScannedForEncodings = 0;
			knownRegions = (
				en,
				Base,
			);
			mainGroup = E2843DA51C3D63BE000175D3;
			productRefGroup = E2843DAF1C3D63BE000175D3 /* Products */;
			projectDirPath = "";
			projectRoot = "";
			targets = (
				E2843DAD1C3D63BE000175D3 /* 04 Transform */,
				E2843DC61C3D63BE000175D3 /* 04 TransformTests */,
			);
		};
/* End PBXProject section */

/* Begin PBXResourcesBuildPhase section */
		E2843DAC1C3D63BE000175D3 /* Resources */ = {
			isa = PBXResourcesBuildPhase;
			buildActionMask = 2147483647;
			files = (
				E2843DC21C3D63BE000175D3 /* LaunchScreen.xib in Resources */,
				E2843DBF1C3D63BE000175D3 /* Images.xcassets in Resources */,
			);
			runOnlyForDeploymentPostprocessing = 0;
		};
		E2843DC51C3D63BE000175D3 /* Resources */ = {
			isa = PBXResourcesBuildPhase;
			buildActionMask = 2147483647;
			files = (
			);
			runOnlyForDeploymentPostprocessing = 0;
		};
/* End PBXResourcesBuildPhase section */

/* Begin PBXSourcesBuildPhase section */
		E2843DAA1C3D63BE000175D3 /* Sources */ = {
			isa = PBXSourcesBuildPhase;
			buildActionMask = 2147483647;
			files = (
				E2843DB71C3D63BE000175D3 /* AppDelegate.m in Sources */,
				E2843DB41C3D63BE000175D3 /* main.m in Sources */,
			);
			runOnlyForDeploymentPostprocessing = 0;
		};
		E2843DC31C3D63BE000175D3 /* Sources */ = {
			isa = PBXSourcesBuildPhase;
			buildActionMask = 2147483647;
			files = (
				E2843DCE1C3D63BE000175D3 /* _4_TransformTests.m in Sources */,
			);
			runOnlyForDeploymentPostprocessing = 0;
		};
/* End PBXSourcesBuildPhase section */

/* Begin PBXTargetDependency section */
		E2843DC91C3D63BE000175D3 /* PBXTargetDependency */ = {
			isa = PBXTargetDependency;
			target = E2843DAD1C3D63BE000175D3 /* 04 Transform */;
			targetProxy = E2843DC81C3D63BE000175D3 /* PBXContainerItemProxy */;
		};
/* End PBXTargetDependency section */

/* Begin PBXVariantGroup section */
		E2843DC01C3D63BE000175D3 /* LaunchScreen.xib */ = {
			isa = PBXVariantGroup;
			children = (
				E2843DC11C3D63BE000175D3 /* Base */,
			);
			name = LaunchScreen.xib;
			sourceTree = "<group>";
		};
/* End PBXVariantGroup section */

/* Begin XCBuildConfiguration section */
		E2843DCF1C3D63BE000175D3 /* Debug */ = {
			isa = XCBuildConfiguration;
			buildSettings = {
				ALWAYS_SEARCH_USER_PATHS = NO;
				CLANG_CXX_LANGUAGE_STANDARD = "gnu++0x";
				CLANG_CXX_LIBRARY = "libc++";
				CLANG_ENABLE_MODULES = YES;
				CLANG_ENABLE_OBJC_ARC = YES;
				CLANG_WARN_BOOL_CONVERSION = YES;
				CLANG_WARN_CONSTANT_CONVERSION = YES;
				CLANG_WARN_DIRECT_OBJC_ISA_USAGE = YES_ERROR;
				CLANG_WARN_EMPTY_BODY = YES;
				CLANG_WARN_ENUM_CONVERSION = YES;
				CLANG_WARN_INT_CONVERSION = YES;
				CLANG_WARN_OBJC_ROOT_CLASS = YES_ERROR;
				CLANG_WARN_UNREACHABLE_CODE = YES;
				CLANG_WARN__DUPLICATE_METHOD_MATCH = YES;
				"CODE_SIGN_IDENTITY[sdk=iphoneos*]" = "iPhone Developer";
				COPY_PHASE_STRIP = NO;
				DEBUG_INFORMATION_FORMAT = "dwarf-with-dsym";
				ENABLE_STRICT_OBJC_MSGSEND = YES;
				GCC_C_LANGUAGE_STANDARD = gnu99;
				GCC_DYNAMIC_NO_PIC = NO;
				GCC_NO_COMMON_BLOCKS = YES;
				GCC_OPTIMIZATION_LEVEL = 0;
				GCC_PREPROCESSOR_DEFINITIONS = (
					"DEBUG=1",
					"$(inherited)",
				);
				GCC_SYMBOLS_PRIVATE_EXTERN = NO;
				GCC_WARN_64_TO_32_BIT_CONVERSION = YES;
				GCC_WARN_ABOUT_RETURN_TYPE = YES_ERROR;
				GCC_WARN_UNDECLARED_SELECTOR = YES;
				GCC_WARN_UNINITIALIZED_AUTOS = YES_AGGRESSIVE;
				GCC_WARN_UNUSED_FUNCTION = YES;
				GCC_WARN_UNUSED_VARIABLE = YES;
				IPHONEOS_DEPLOYMENT_TARGET = 8.4;
				MTL_ENABLE_DEBUG_INFO = YES;
				ONLY_ACTIVE_ARCH = YES;
				SDKROOT = iphoneos;
				TARGETED_DEVICE_FAMILY = "1,2";
			};
			name = Debug;
		};
		E2843DD01C3D63BE000175D3 /* Release */ = {
			isa = XCBuildConfiguration;
			buildSettings = {
				ALWAYS_SEARCH_USER_PATHS = NO;
				CLANG_CXX_LANGUAGE_STANDARD = "gnu++0x";
				CLANG_CXX_LIBRARY = "libc++";
				CLANG_ENABLE_MODULES = YES;
				CLANG_ENABLE_OBJC_ARC = YES;
				CLANG_WARN_BOOL_CONVERSION = YES;
				CLANG_WARN_CONSTANT_CONVERSION = YES;
				CLANG_WARN_DIRECT_OBJC_ISA_USAGE = YES_ERROR;
				CLANG_WARN_EMPTY_BODY = YES;
				CLANG_WARN_ENUM_CONVERSION = YES;
				CLANG_WARN_INT_CONVERSION = YES;
				CLANG_WARN_OBJC_ROOT_CLASS = YES_ERROR;
				CLANG_WARN_UNREACHABLE_CODE = YES;
				CLANG_WARN__DUPLICATE_METHOD_MATCH = YES;
				"CODE_SIGN_IDENTITY[sdk=iphoneos*]" = "iPhone Developer";
				COPY_PHASE_STRIP = NO;
				DEBUG_INFORMATION_FORMAT = "dwarf-with-dsym";
				ENABLE_NS_ASSERTIONS = NO;
				ENABLE_STRICT_OBJC_MSGSEND = YES;
				GCC_C_LANGUAGE_STANDARD = gnu99;
				GCC_NO_COMMON_BLOCKS = YES;
				GCC_WARN_64_TO_32_BIT_CONVERSION = YES;
				GCC_WARN_ABOUT_RETURN_TYPE = YES_ERROR;
				GCC_WARN_UNDECLARED_SELECTOR = YES;
				GCC_WARN_UNINITIALIZED_AUTOS = YES_AGGRESSIVE;
				GCC_WARN_UNUSED_FUNCTION = YES;
				GCC_WARN_UNUSED_VARIABLE = YES;
				IPHONEOS_DEPLOYMENT_TARGET = 8.4;
				MTL_ENABLE_DEBUG_INFO = NO;
				SDKROOT = iphoneos;
				TARGETED_DEVICE_FAMILY = "1,2";
				VALIDATE_PRODUCT = YES;
			};
			name = Release;
		};
		E2843DD21C3D63BE000175D3 /* Debug */ = {
			isa = XCBuildConfiguration;
			buildSettings = {
				ASSETCATALOG_COMPILER_APPICON_NAME = AppIcon;
				INFOPLIST_FILE = "04 Transform/Info.plist";
				LD_RUNPATH_SEARCH_PATHS = "$(inherited) @executable_path/Frameworks";
				PRODUCT_NAME = "$(TARGET_NAME)";
			};
			name = Debug;
		};
		E2843DD31C3D63BE000175D3 /* Release */ = {
			isa = XCBuildConfiguration;
			buildSettings = {
				ASSETCATALOG_COMPILER_APPICON_NAME = AppIcon;
				INFOPLIST_FILE = "04 Transform/Info.plist";
				LD_RUNPATH_SEARCH_PATHS = "$(inherited) @executable_path/Frameworks";
				PRODUCT_NAME = "$(TARGET_NAME)";
			};
			name = Release;
		};
		E2843DD51C3D63BE000175D3 /* Debug */ = {
			isa = XCBuildConfiguration;
			buildSettings = {
				BUNDLE_LOADER = "$(TEST_HOST)";
				FRAMEWORK_SEARCH_PATHS = (
					"$(SDKROOT)/Developer/Library/Frameworks",
					"$(inherited)",
				);
				GCC_PREPROCESSOR_DEFINITIONS = (
					"DEBUG=1",
					"$(inherited)",
				);
				INFOPLIST_FILE = "04 TransformTests/Info.plist";
				LD_RUNPATH_SEARCH_PATHS = "$(inherited) @executable_path/Frameworks @loader_path/Frameworks";
				PRODUCT_NAME = "$(TARGET_NAME)";
				TEST_HOST = "$(BUILT_PRODUCTS_DIR)/04 Transform.app/04 Transform";
			};
			name = Debug;
		};
		E2843DD61C3D63BE000175D3 /* Release */ = {
			isa = XCBuildConfiguration;
			buildSettings = {
				BUNDLE_LOADER = "$(TEST_HOST)";
				FRAMEWORK_SEARCH_PATHS = (
					"$(SDKROOT)/Developer/Library/Frameworks",
					"$(inherited)",
				);
				INFOPLIST_FILE = "04 TransformTests/Info.plist";
				LD_RUNPATH_SEARCH_PATHS = "$(inherited) @executable_path/Frameworks @loader_path/Frameworks";
				PRODUCT_NAME = "$(TARGET_NAME)";
				TEST_HOST = "$(BUILT_PRODUCTS_DIR)/04 Transform.app/04 Transform";
			};
			name = Release;
		};
/* End XCBuildConfiguration section */

/* Begin XCConfigurationList section */
		E2843DA91C3D63BE000175D3 /* Build configuration list for PBXProject "04 Transform" */ = {
			isa = XCConfigurationList;
			buildConfigurations = (
				E2843DCF1C3D63BE000175D3 /* Debug */,
				E2843DD01C3D63BE000175D3 /* Release */,
			);
			defaultConfigurationIsVisible = 0;
			defaultConfigurationName = Release;
		};
		E2843DD11C3D63BE000175D3 /* Build configuration list for PBXNativeTarget "04 Transform" */ = {
			isa = XCConfigurationList;
			buildConfigurations = (
				E2843DD21C3D63BE000175D3 /* Debug */,
				E2843DD31C3D63BE000175D3 /* Release */,
			);
			defaultConfigurationIsVisible = 0;
		};
		E2843DD41C3D63BE000175D3 /* Build configuration list for PBXNativeTarget "04 TransformTests" */ = {
			isa = XCConfigurationList;
			buildConfigurations = (
				E2843DD51C3D63BE000175D3 /* Debug */,
				E2843DD61C3D63BE000175D3 /* Release */,
			);
			defaultConfigurationIsVisible = 0;
		};
/* End XCConfigurationList section */
	};
	rootObject = E2843DA61C3D63BE000175D3 /* Project object */;
}
